
Microsoft Visual Studio Solution File, Format Version 12.00
# Visual Studio 15
VisualStudioVersion = 15.0.28307.168
MinimumVisualStudioVersion = 10.0.40219.1
Project("{F184B08F-C81C-45F6-A57F-5ABD9991F28F}") = "LeaveSoftware", "LeaveSoftware\LeaveSoftware.vbproj", "{6DC08035-9672-40F4-8320-DCFCD2D05735}"
EndProject
Global
	GlobalSection(SolutionConfigurationPlatforms) = preSolution
		Debug|Any CPU = Debug|Any CPU
		Release|Any CPU = Release|Any CPU
	EndGlobalSection
	GlobalSection(ProjectConfigurationPlatforms) = postSolution
		{6DC08035-9672-40F4-8320-DCFCD2D05735}.Debug|Any CPU.ActiveCfg = Debug|Any CPU
		{6DC08035-9672-40F4-8320-DCFCD2D05735}.Debug|Any CPU.Build.0 = Debug|Any CPU
		{6DC08035-9672-40F4-8320-DCFCD2D05735}.Release|Any CPU.ActiveCfg = Release|Any CPU
		{6DC08035-9672-40F4-8320-DCFCD2D05735}.Release|Any CPU.Build.0 = Release|Any CPU
	EndGlobalSection
	GlobalSection(SolutionProperties) = preSolution
		HideSolutionNode = FALSE
	EndGlobalSection
	GlobalSection(ExtensibilityGlobals) = postSolution
		SolutionGuid = {AF3F4830-739B-45BE-80C9-907C954F1194}
	EndGlobalSection
EndGlobal
